
Microsoft Visual Studio Solution File, Format Version 12.00
# Visual Studio 15
VisualStudioVersion = 15.0.28307.572
MinimumVisualStudioVersion = 10.0.40219.1
Project("{FAE04EC0-301F-11D3-BF4B-00C04F79EFBC}") = "GenericRepository", "GenericRepository\GenericRepository.csproj", "{77D387A6-C580-40F0-97D7-A9FC0B830C0C}"
EndProject
Global
	GlobalSection(SolutionConfigurationPlatforms) = preSolution
		Debug|Any CPU = Debug|Any CPU
		Release|Any CPU = Release|Any CPU
	EndGlobalSection
	GlobalSection(ProjectConfigurationPlatforms) = postSolution
		{77D387A6-C580-40F0-97D7-A9FC0B830C0C}.Debug|Any CPU.ActiveCfg = Debug|Any CPU
		{77D387A6-C580-40F0-97D7-A9FC0B830C0C}.Debug|Any CPU.Build.0 = Debug|Any CPU
		{77D387A6-C580-40F0-97D7-A9FC0B830C0C}.Release|Any CPU.ActiveCfg = Release|Any CPU
		{77D387A6-C580-40F0-97D7-A9FC0B830C0C}.Release|Any CPU.Build.0 = Release|Any CPU
	EndGlobalSection
	GlobalSection(SolutionProperties) = preSolution
		HideSolutionNode = FALSE
	EndGlobalSection
	GlobalSection(ExtensibilityGlobals) = postSolution
		SolutionGuid = {EA25DF96-FE3C-4D7D-A395-B721933E9AF7}
	EndGlobalSection
EndGlobal
