
Microsoft Visual Studio Solution File, Format Version 12.00
# Visual Studio 15
VisualStudioVersion = 15.0.28307.572
MinimumVisualStudioVersion = 10.0.40219.1
Project("{FAE04EC0-301F-11D3-BF4B-00C04F79EFBC}") = "ZarAtma", "ZarAtma\ZarAtma.csproj", "{E91C76E3-7C1D-4966-8FB8-A68F2F9C0C81}"
EndProject
Global
	GlobalSection(SolutionConfigurationPlatforms) = preSolution
		Debug|Any CPU = Debug|Any CPU
		Release|Any CPU = Release|Any CPU
	EndGlobalSection
	GlobalSection(ProjectConfigurationPlatforms) = postSolution
		{E91C76E3-7C1D-4966-8FB8-A68F2F9C0C81}.Debug|Any CPU.ActiveCfg = Debug|Any CPU
		{E91C76E3-7C1D-4966-8FB8-A68F2F9C0C81}.Debug|Any CPU.Build.0 = Debug|Any CPU
		{E91C76E3-7C1D-4966-8FB8-A68F2F9C0C81}.Release|Any CPU.ActiveCfg = Release|Any CPU
		{E91C76E3-7C1D-4966-8FB8-A68F2F9C0C81}.Release|Any CPU.Build.0 = Release|Any CPU
	EndGlobalSection
	GlobalSection(SolutionProperties) = preSolution
		HideSolutionNode = FALSE
	EndGlobalSection
	GlobalSection(ExtensibilityGlobals) = postSolution
		SolutionGuid = {C3890E76-85DA-4C2B-86DB-EE86A3493576}
	EndGlobalSection
EndGlobal
