
Microsoft Visual Studio Solution File, Format Version 12.00
# Visual Studio 15
VisualStudioVersion = 15.0.28307.572
MinimumVisualStudioVersion = 10.0.40219.1
Project("{FAE04EC0-301F-11D3-BF4B-00C04F79EFBC}") = "Competition", "Competition\Competition.csproj", "{04461A71-CAC8-4BC9-A9AB-A0A64060117D}"
EndProject
Global
	GlobalSection(SolutionConfigurationPlatforms) = preSolution
		Debug|Any CPU = Debug|Any CPU
		Release|Any CPU = Release|Any CPU
	EndGlobalSection
	GlobalSection(ProjectConfigurationPlatforms) = postSolution
		{04461A71-CAC8-4BC9-A9AB-A0A64060117D}.Debug|Any CPU.ActiveCfg = Debug|Any CPU
		{04461A71-CAC8-4BC9-A9AB-A0A64060117D}.Debug|Any CPU.Build.0 = Debug|Any CPU
		{04461A71-CAC8-4BC9-A9AB-A0A64060117D}.Release|Any CPU.ActiveCfg = Release|Any CPU
		{04461A71-CAC8-4BC9-A9AB-A0A64060117D}.Release|Any CPU.Build.0 = Release|Any CPU
	EndGlobalSection
	GlobalSection(SolutionProperties) = preSolution
		HideSolutionNode = FALSE
	EndGlobalSection
	GlobalSection(ExtensibilityGlobals) = postSolution
		SolutionGuid = {64AB6334-8D25-4978-8630-005CA6A39D40}
	EndGlobalSection
EndGlobal
